
Microsoft Visual Studio Solution File, Format Version 12.00
# Visual Studio Version 16
VisualStudioVersion = 16.0.30907.101
MinimumVisualStudioVersion = 10.0.40219.1
Project("{FAE04EC0-301F-11D3-BF4B-00C04F79EFBC}") = "xerox", "xerox\xerox.csproj", "{C67A6C65-B407-464F-A184-00F2869C36A4}"
EndProject
Global
	GlobalSection(SolutionConfigurationPlatforms) = preSolution
		Debug|Any CPU = Debug|Any CPU
		Release|Any CPU = Release|Any CPU
	EndGlobalSection
	GlobalSection(ProjectConfigurationPlatforms) = postSolution
		{C67A6C65-B407-464F-A184-00F2869C36A4}.Debug|Any CPU.ActiveCfg = Debug|Any CPU
		{C67A6C65-B407-464F-A184-00F2869C36A4}.Debug|Any CPU.Build.0 = Debug|Any CPU
		{C67A6C65-B407-464F-A184-00F2869C36A4}.Release|Any CPU.ActiveCfg = Release|Any CPU
		{C67A6C65-B407-464F-A184-00F2869C36A4}.Release|Any CPU.Build.0 = Release|Any CPU
	EndGlobalSection
	GlobalSection(SolutionProperties) = preSolution
		HideSolutionNode = FALSE
	EndGlobalSection
	GlobalSection(ExtensibilityGlobals) = postSolution
		SolutionGuid = {5BA7B1B4-AA36-442A-9829-558183116CDB}
	EndGlobalSection
EndGlobal
